<Solution>
  <Project Path="ALGO02_EXO02/ALGO02_EXO02.csproj" />
  <Project Path="ALGO02_EXO05/ALGO02_EXO05.csproj" Id="4d1ff228-1557-4149-89a6-2102832daeff" />
  <Project Path="ALGO02_EXO06/ALGO02_EXO06.csproj" Id="a15df39f-1938-4b93-969c-f56fa0be9ebc" />
  <Project Path="ALGO02_EXO07/ALGO02_EXO07.csproj" Id="cb2ff0d1-f0c9-481a-aced-2599ee7e9255" />
  <Project Path="ALGO02_EXO08/ALGO02_EXO08.csproj" Id="7124b3ea-1122-4de5-b5df-9ba5888fd697" />
  <Project Path="ALGO02_EXO09/ALGO02_EXO09.csproj" Id="2b8bfdeb-9dd8-4fc0-ad09-2075e09eb1dc" />
  <Project Path="ALGO02_EXO10/ALGO02_EXO10.csproj" Id="d953c9d4-37e3-4aef-b95a-12d07b776e17" />
  <Project Path="ALGO02_EXO11/ALGO02_EXO11.csproj" Id="92766713-1bf1-4ba4-ac3d-8ca22c919b2e" />
  <Project Path="ALGO03_EXO01/ALGO03_EXO01.csproj" Id="1975f55a-66e2-48bf-a956-4a2b51e9ec73" />
  <Project Path="ALGO03_EXO02/ALGO03_EXO02.csproj" Id="74e0c1d6-8439-49b5-b03c-70d03c8d243e" />
</Solution>
