<Solution>
  <Project Path="ALGO02_EXO02/ALGO02_EXO02.csproj" />
  <Project Path="ALGO02_EXO05/ALGO02_EXO05.csproj" Id="4d1ff228-1557-4149-89a6-2102832daeff" />
  <Project Path="ALGO02_EXO06/ALGO02_EXO06.csproj" Id="a15df39f-1938-4b93-969c-f56fa0be9ebc" />
  <Project Path="ALGO02_EXO07/ALGO02_EXO07.csproj" Id="cb2ff0d1-f0c9-481a-aced-2599ee7e9255" />
  <Project Path="ALGO02_EXO08/ALGO02_EXO08.csproj" Id="7124b3ea-1122-4de5-b5df-9ba5888fd697" />
</Solution>
