<Solution>
  <Project Path="ALGO02_EXO02/ALGO02_EXO02.csproj" />
  <Project Path="ALGO02_EXO05/ALGO02_EXO05.csproj" Id="4d1ff228-1557-4149-89a6-2102832daeff" />
  <Project Path="ALGO02_EXO06/ALGO02_EXO06.csproj" Id="a15df39f-1938-4b93-969c-f56fa0be9ebc" />
  <Project Path="ALGO02_EXO07/ALGO02_EXO07.csproj" Id="cb2ff0d1-f0c9-481a-aced-2599ee7e9255" />
  <Project Path="ALGO02_EXO08/ALGO02_EXO08.csproj" Id="7124b3ea-1122-4de5-b5df-9ba5888fd697" />
  <Project Path="ALGO02_EXO09/ALGO02_EXO09.csproj" Id="2b8bfdeb-9dd8-4fc0-ad09-2075e09eb1dc" />
  <Project Path="ALGO02_EXO10/ALGO02_EXO10.csproj" Id="d953c9d4-37e3-4aef-b95a-12d07b776e17" />
  <Project Path="ALGO02_EXO11/ALGO02_EXO11.csproj" Id="92766713-1bf1-4ba4-ac3d-8ca22c919b2e" />
  <Project Path="ALGO03_EXO01/ALGO03_EXO01.csproj" Id="1975f55a-66e2-48bf-a956-4a2b51e9ec73" />
  <Project Path="ALGO03_EXO02/ALGO03_EXO02.csproj" Id="74e0c1d6-8439-49b5-b03c-70d03c8d243e" />
  <Project Path="ALGO03_EXO03/ALGO03_EXO03.csproj" Id="5fcf0b95-4f80-4206-8dba-83b0237b6115" />
  <Project Path="ALGO03_EXO04/ALGO03_EXO04.csproj" Id="806e416a-672a-4b62-b63c-4bf4c71d23ac" />
  <Project Path="ALGO03_EXO05/ALGO03_EXO05.csproj" Id="e25db282-6005-48d5-b675-98b0f4a5a08c" />
  <Project Path="ALGO03_EXO06/ALGO03_EXO06.csproj" Id="a7032dd4-e542-4913-9e2f-931d8e637bdb" />
  <Project Path="ALGO04_EXO01/ALGO04_EXO01.csproj" Id="a30bf605-0514-434c-8e4a-b6c7713d6d5c" />
  <Project Path="ALGO04_EXO02/ALGO04_EXO02.csproj" Id="96b1e336-628c-41e0-8937-94ff1af3fcf7" />
  <Project Path="ALGO05_EXO01/ALGO05_EXO01.csproj" Id="a641b53f-05c2-47a3-a102-39dce008ca5c" />
  <Project Path="ALGO05_EXO02/ALGO05_EXO02.csproj" Id="655025c8-ec8e-4a61-83a5-e362ffc95cd2" />
  <Project Path="ALGO05_EXO03/ALGO05_EXO03.csproj" Id="96713403-b4f7-4df5-9510-48d2455a0f39" />
  <Project Path="ALGO05_EXO04/ALGO05_EXO04.csproj" Id="99e3c9cb-0bf9-41b2-94db-3c13a78ae89a" />
  <Project Path="ALGO05_EXO05/ALGO05_EXO05.csproj" Id="1c35f81b-e875-4693-b379-39f0757b92a8" />
  <Project Path="ALGO05_EXO06/ALGO05_EXO06.csproj" Id="a579d224-7175-494b-8435-ead117f2c35d" />
  <Project Path="ALGO05_EXO07/ALGO05_EXO07.csproj" Id="6c11ec56-62fe-4714-8b19-555e2b57c88d" />
  <Project Path="ALGO05_EXO08/ALGO05_EXO08.csproj" Id="2f1fbf19-3509-4e50-86ea-764dd7c6e01c" />
  <Project Path="ALGO05_EXO09/ALGO05_EXO09.csproj" Id="4a8454bf-b6a4-4103-bc6b-fed2d95c6838" />
  <Project Path="ALGO05_EXO10/ALGO05_EXO10.csproj" Id="7fc68908-2089-4de7-a8eb-405db41f0f48" />
  <Project Path="ALGO05_EXO11/ALGO05_EXO11.csproj" Id="c9b5b426-c847-46ba-82f0-fb4ddad31624" />
</Solution>
